
Microsoft Visual Studio Solution File, Format Version 12.00
# Visual Studio Version 16
VisualStudioVersion = 16.0.28803.202
MinimumVisualStudioVersion = 10.0.40219.1
Project("{FAE04EC0-301F-11D3-BF4B-00C04F79EFBC}") = "Stay Alone интерфейс", "Stay Alone интерфейс.csproj", "{17A24C44-69BC-4613-8DE7-5CDE45E8B10B}"
EndProject
Global
	GlobalSection(SolutionConfigurationPlatforms) = preSolution
		Debug|Any CPU = Debug|Any CPU
		Release|Any CPU = Release|Any CPU
	EndGlobalSection
	GlobalSection(ProjectConfigurationPlatforms) = postSolution
		{17A24C44-69BC-4613-8DE7-5CDE45E8B10B}.Debug|Any CPU.ActiveCfg = Debug|Any CPU
		{17A24C44-69BC-4613-8DE7-5CDE45E8B10B}.Debug|Any CPU.Build.0 = Debug|Any CPU
		{17A24C44-69BC-4613-8DE7-5CDE45E8B10B}.Release|Any CPU.ActiveCfg = Release|Any CPU
		{17A24C44-69BC-4613-8DE7-5CDE45E8B10B}.Release|Any CPU.Build.0 = Release|Any CPU
	EndGlobalSection
	GlobalSection(SolutionProperties) = preSolution
		HideSolutionNode = FALSE
	EndGlobalSection
	GlobalSection(ExtensibilityGlobals) = postSolution
		SolutionGuid = {B0133482-D5E3-45C6-8EC9-D64EC68BD5C6}
	EndGlobalSection
EndGlobal
